
Microsoft Visual Studio Solution File, Format Version 12.00
# Visual Studio Version 16
VisualStudioVersion = 16.0.33027.164
MinimumVisualStudioVersion = 10.0.40219.1
Project("{FAE04EC0-301F-11D3-BF4B-00C04F79EFBC}") = "MvcStok", "MvcStok\MvcStok.csproj", "{947FED1A-BAB8-484F-923D-D4CA839DEA4C}"
EndProject
Global
	GlobalSection(SolutionConfigurationPlatforms) = preSolution
		Debug|Any CPU = Debug|Any CPU
		Release|Any CPU = Release|Any CPU
	EndGlobalSection
	GlobalSection(ProjectConfigurationPlatforms) = postSolution
		{947FED1A-BAB8-484F-923D-D4CA839DEA4C}.Debug|Any CPU.ActiveCfg = Debug|Any CPU
		{947FED1A-BAB8-484F-923D-D4CA839DEA4C}.Debug|Any CPU.Build.0 = Debug|Any CPU
		{947FED1A-BAB8-484F-923D-D4CA839DEA4C}.Release|Any CPU.ActiveCfg = Release|Any CPU
		{947FED1A-BAB8-484F-923D-D4CA839DEA4C}.Release|Any CPU.Build.0 = Release|Any CPU
	EndGlobalSection
	GlobalSection(SolutionProperties) = preSolution
		HideSolutionNode = FALSE
	EndGlobalSection
	GlobalSection(ExtensibilityGlobals) = postSolution
		SolutionGuid = {36C41603-D72B-47B5-926D-20C683E2880E}
	EndGlobalSection
EndGlobal
